
Microsoft Visual Studio Solution File, Format Version 12.00
# Visual Studio 14
VisualStudioVersion = 14.0.24720.0
MinimumVisualStudioVersion = 10.0.40219.1
Project("{8BC9CEB8-8B4A-11D0-8D11-00A0C91BC942}") = "Utilities", "Utilities\Utilities.vcxproj", "{462B43B2-8B13-4178-BF2A-903F76F1985C}"
EndProject
Project("{8BC9CEB8-8B4A-11D0-8D11-00A0C91BC942}") = "Tokenizer", "Tokenizer\Tokenizer.vcxproj", "{696EBFD6-7F77-4CB6-B129-9EEBBD26158D}"
EndProject
Project("{8BC9CEB8-8B4A-11D0-8D11-00A0C91BC942}") = "SemiExp", "SemiExp\SemiExp.vcxproj", "{3AF2D318-421F-492A-A538-573FF7746675}"
EndProject
Project("{8BC9CEB8-8B4A-11D0-8D11-00A0C91BC942}") = "ASTTree", "ASTTree\ASTTree.vcxproj", "{60983E10-14FC-4F23-8DFB-5F81D6865160}"
EndProject
Project("{8BC9CEB8-8B4A-11D0-8D11-00A0C91BC942}") = "DataStore", "DataStore\DataStore.vcxproj", "{B816C2D9-4493-47DD-9AC2-2979F5354E2B}"
EndProject
Project("{8BC9CEB8-8B4A-11D0-8D11-00A0C91BC942}") = "FileMgr", "FileMgr\FileMgr.vcxproj", "{DDEE27FF-855E-4D10-AD7B-79CB8966EF13}"
EndProject
Project("{8BC9CEB8-8B4A-11D0-8D11-00A0C91BC942}") = "FileSystemDemo", "FileSystem-Windows\FileSystemDemo\FileSystemDemo.vcxproj", "{EF4A3188-CA93-45A2-AB52-7548669E3AA8}"
EndProject
Project("{8BC9CEB8-8B4A-11D0-8D11-00A0C91BC942}") = "Parser", "Parser\Parser.vcxproj", "{77BE9964-7862-4D05-AFF0-B42718AAE386}"
EndProject
Project("{8BC9CEB8-8B4A-11D0-8D11-00A0C91BC942}") = "ThreadPool", "ThreadPool\ThreadPool.vcxproj", "{AB7D4106-4D2F-4D0C-ADD1-0F8F981DD311}"
EndProject
Project("{8BC9CEB8-8B4A-11D0-8D11-00A0C91BC942}") = "Cpp11-BlockingQueue", "Cpp11-BlockingQueue\Cpp11-BlockingQueue.vcxproj", "{38A1D03D-7747-4F79-9539-358F1D1D8DD7}"
EndProject
Project("{8BC9CEB8-8B4A-11D0-8D11-00A0C91BC942}") = "ParallelDependencyExecutive", "ParallelDependencyExecutive\ParallelDependencyExecutive.vcxproj", "{83F9F195-5A4E-4178-AE08-F79D3A988921}"
EndProject
Project("{8BC9CEB8-8B4A-11D0-8D11-00A0C91BC942}") = "TypeTable", "TypeTable\TypeTable.vcxproj", "{D6966D46-B3D3-4B6B-8B4A-3D85D57F5B72}"
EndProject
Project("{8BC9CEB8-8B4A-11D0-8D11-00A0C91BC942}") = "DependencyAnalysis", "DependencyAnalysis\DependencyAnalysis.vcxproj", "{EE0A76AD-DD97-4B74-89FE-E85A9B280E4C}"
EndProject
Project("{8BC9CEB8-8B4A-11D0-8D11-00A0C91BC942}") = "ParallelDependencyAnalysis", "ParallelDependencyAnalysis\ParallelDependencyAnalysis.vcxproj", "{A3CCEE08-D400-4BB2-8888-4A64A24A8B37}"
EndProject
Project("{8BC9CEB8-8B4A-11D0-8D11-00A0C91BC942}") = "TypeAnalysis", "TypeAnalysis\TypeAnalysis.vcxproj", "{76E87B91-6F57-41FB-B000-26FC8F78C5D5}"
EndProject
Project("{8BC9CEB8-8B4A-11D0-8D11-00A0C91BC942}") = "Task", "Task\Task.vcxproj", "{91942B08-5093-4366-BC94-DA4088584407}"
EndProject
Global
	GlobalSection(SolutionConfigurationPlatforms) = preSolution
		Debug|x64 = Debug|x64
		Debug|x86 = Debug|x86
		Release|x64 = Release|x64
		Release|x86 = Release|x86
	EndGlobalSection
	GlobalSection(ProjectConfigurationPlatforms) = postSolution
		{462B43B2-8B13-4178-BF2A-903F76F1985C}.Debug|x64.ActiveCfg = Debug|x64
		{462B43B2-8B13-4178-BF2A-903F76F1985C}.Debug|x64.Build.0 = Debug|x64
		{462B43B2-8B13-4178-BF2A-903F76F1985C}.Debug|x86.ActiveCfg = Debug|Win32
		{462B43B2-8B13-4178-BF2A-903F76F1985C}.Debug|x86.Build.0 = Debug|Win32
		{462B43B2-8B13-4178-BF2A-903F76F1985C}.Release|x64.ActiveCfg = Release|x64
		{462B43B2-8B13-4178-BF2A-903F76F1985C}.Release|x64.Build.0 = Release|x64
		{462B43B2-8B13-4178-BF2A-903F76F1985C}.Release|x86.ActiveCfg = Release|Win32
		{462B43B2-8B13-4178-BF2A-903F76F1985C}.Release|x86.Build.0 = Release|Win32
		{696EBFD6-7F77-4CB6-B129-9EEBBD26158D}.Debug|x64.ActiveCfg = Debug|x64
		{696EBFD6-7F77-4CB6-B129-9EEBBD26158D}.Debug|x64.Build.0 = Debug|x64
		{696EBFD6-7F77-4CB6-B129-9EEBBD26158D}.Debug|x86.ActiveCfg = Debug|Win32
		{696EBFD6-7F77-4CB6-B129-9EEBBD26158D}.Debug|x86.Build.0 = Debug|Win32
		{696EBFD6-7F77-4CB6-B129-9EEBBD26158D}.Release|x64.ActiveCfg = Release|x64
		{696EBFD6-7F77-4CB6-B129-9EEBBD26158D}.Release|x64.Build.0 = Release|x64
		{696EBFD6-7F77-4CB6-B129-9EEBBD26158D}.Release|x86.ActiveCfg = Release|Win32
		{696EBFD6-7F77-4CB6-B129-9EEBBD26158D}.Release|x86.Build.0 = Release|Win32
		{3AF2D318-421F-492A-A538-573FF7746675}.Debug|x64.ActiveCfg = Debug|x64
		{3AF2D318-421F-492A-A538-573FF7746675}.Debug|x64.Build.0 = Debug|x64
		{3AF2D318-421F-492A-A538-573FF7746675}.Debug|x86.ActiveCfg = Debug|Win32
		{3AF2D318-421F-492A-A538-573FF7746675}.Debug|x86.Build.0 = Debug|Win32
		{3AF2D318-421F-492A-A538-573FF7746675}.Release|x64.ActiveCfg = Release|x64
		{3AF2D318-421F-492A-A538-573FF7746675}.Release|x64.Build.0 = Release|x64
		{3AF2D318-421F-492A-A538-573FF7746675}.Release|x86.ActiveCfg = Release|Win32
		{3AF2D318-421F-492A-A538-573FF7746675}.Release|x86.Build.0 = Release|Win32
		{60983E10-14FC-4F23-8DFB-5F81D6865160}.Debug|x64.ActiveCfg = Debug|x64
		{60983E10-14FC-4F23-8DFB-5F81D6865160}.Debug|x64.Build.0 = Debug|x64
		{60983E10-14FC-4F23-8DFB-5F81D6865160}.Debug|x86.ActiveCfg = Debug|Win32
		{60983E10-14FC-4F23-8DFB-5F81D6865160}.Debug|x86.Build.0 = Debug|Win32
		{60983E10-14FC-4F23-8DFB-5F81D6865160}.Release|x64.ActiveCfg = Release|x64
		{60983E10-14FC-4F23-8DFB-5F81D6865160}.Release|x64.Build.0 = Release|x64
		{60983E10-14FC-4F23-8DFB-5F81D6865160}.Release|x86.ActiveCfg = Release|Win32
		{60983E10-14FC-4F23-8DFB-5F81D6865160}.Release|x86.Build.0 = Release|Win32
		{B816C2D9-4493-47DD-9AC2-2979F5354E2B}.Debug|x64.ActiveCfg = Debug|Win32
		{B816C2D9-4493-47DD-9AC2-2979F5354E2B}.Debug|x86.ActiveCfg = Debug|Win32
		{B816C2D9-4493-47DD-9AC2-2979F5354E2B}.Debug|x86.Build.0 = Debug|Win32
		{B816C2D9-4493-47DD-9AC2-2979F5354E2B}.Release|x64.ActiveCfg = Release|Win32
		{B816C2D9-4493-47DD-9AC2-2979F5354E2B}.Release|x86.ActiveCfg = Release|Win32
		{B816C2D9-4493-47DD-9AC2-2979F5354E2B}.Release|x86.Build.0 = Release|Win32
		{DDEE27FF-855E-4D10-AD7B-79CB8966EF13}.Debug|x64.ActiveCfg = Debug|Win32
		{DDEE27FF-855E-4D10-AD7B-79CB8966EF13}.Debug|x86.ActiveCfg = Debug|Win32
		{DDEE27FF-855E-4D10-AD7B-79CB8966EF13}.Debug|x86.Build.0 = Debug|Win32
		{DDEE27FF-855E-4D10-AD7B-79CB8966EF13}.Release|x64.ActiveCfg = Release|Win32
		{DDEE27FF-855E-4D10-AD7B-79CB8966EF13}.Release|x86.ActiveCfg = Release|Win32
		{DDEE27FF-855E-4D10-AD7B-79CB8966EF13}.Release|x86.Build.0 = Release|Win32
		{EF4A3188-CA93-45A2-AB52-7548669E3AA8}.Debug|x64.ActiveCfg = Debug|Win32
		{EF4A3188-CA93-45A2-AB52-7548669E3AA8}.Debug|x86.ActiveCfg = Debug|Win32
		{EF4A3188-CA93-45A2-AB52-7548669E3AA8}.Debug|x86.Build.0 = Debug|Win32
		{EF4A3188-CA93-45A2-AB52-7548669E3AA8}.Release|x64.ActiveCfg = Release|Win32
		{EF4A3188-CA93-45A2-AB52-7548669E3AA8}.Release|x86.ActiveCfg = Release|Win32
		{EF4A3188-CA93-45A2-AB52-7548669E3AA8}.Release|x86.Build.0 = Release|Win32
		{77BE9964-7862-4D05-AFF0-B42718AAE386}.Debug|x64.ActiveCfg = Debug|x64
		{77BE9964-7862-4D05-AFF0-B42718AAE386}.Debug|x64.Build.0 = Debug|x64
		{77BE9964-7862-4D05-AFF0-B42718AAE386}.Debug|x86.ActiveCfg = Debug|Win32
		{77BE9964-7862-4D05-AFF0-B42718AAE386}.Debug|x86.Build.0 = Debug|Win32
		{77BE9964-7862-4D05-AFF0-B42718AAE386}.Release|x64.ActiveCfg = Release|x64
		{77BE9964-7862-4D05-AFF0-B42718AAE386}.Release|x64.Build.0 = Release|x64
		{77BE9964-7862-4D05-AFF0-B42718AAE386}.Release|x86.ActiveCfg = Release|Win32
		{77BE9964-7862-4D05-AFF0-B42718AAE386}.Release|x86.Build.0 = Release|Win32
		{AB7D4106-4D2F-4D0C-ADD1-0F8F981DD311}.Debug|x64.ActiveCfg = Debug|x64
		{AB7D4106-4D2F-4D0C-ADD1-0F8F981DD311}.Debug|x64.Build.0 = Debug|x64
		{AB7D4106-4D2F-4D0C-ADD1-0F8F981DD311}.Debug|x86.ActiveCfg = Debug|Win32
		{AB7D4106-4D2F-4D0C-ADD1-0F8F981DD311}.Debug|x86.Build.0 = Debug|Win32
		{AB7D4106-4D2F-4D0C-ADD1-0F8F981DD311}.Release|x64.ActiveCfg = Release|x64
		{AB7D4106-4D2F-4D0C-ADD1-0F8F981DD311}.Release|x64.Build.0 = Release|x64
		{AB7D4106-4D2F-4D0C-ADD1-0F8F981DD311}.Release|x86.ActiveCfg = Release|Win32
		{AB7D4106-4D2F-4D0C-ADD1-0F8F981DD311}.Release|x86.Build.0 = Release|Win32
		{38A1D03D-7747-4F79-9539-358F1D1D8DD7}.Debug|x64.ActiveCfg = Debug|Win32
		{38A1D03D-7747-4F79-9539-358F1D1D8DD7}.Debug|x86.ActiveCfg = Debug|Win32
		{38A1D03D-7747-4F79-9539-358F1D1D8DD7}.Debug|x86.Build.0 = Debug|Win32
		{38A1D03D-7747-4F79-9539-358F1D1D8DD7}.Release|x64.ActiveCfg = Release|Win32
		{38A1D03D-7747-4F79-9539-358F1D1D8DD7}.Release|x86.ActiveCfg = Release|Win32
		{38A1D03D-7747-4F79-9539-358F1D1D8DD7}.Release|x86.Build.0 = Release|Win32
		{83F9F195-5A4E-4178-AE08-F79D3A988921}.Debug|x64.ActiveCfg = Debug|x64
		{83F9F195-5A4E-4178-AE08-F79D3A988921}.Debug|x64.Build.0 = Debug|x64
		{83F9F195-5A4E-4178-AE08-F79D3A988921}.Debug|x86.ActiveCfg = Debug|Win32
		{83F9F195-5A4E-4178-AE08-F79D3A988921}.Debug|x86.Build.0 = Debug|Win32
		{83F9F195-5A4E-4178-AE08-F79D3A988921}.Release|x64.ActiveCfg = Release|x64
		{83F9F195-5A4E-4178-AE08-F79D3A988921}.Release|x64.Build.0 = Release|x64
		{83F9F195-5A4E-4178-AE08-F79D3A988921}.Release|x86.ActiveCfg = Release|Win32
		{83F9F195-5A4E-4178-AE08-F79D3A988921}.Release|x86.Build.0 = Release|Win32
		{D6966D46-B3D3-4B6B-8B4A-3D85D57F5B72}.Debug|x64.ActiveCfg = Debug|x64
		{D6966D46-B3D3-4B6B-8B4A-3D85D57F5B72}.Debug|x64.Build.0 = Debug|x64
		{D6966D46-B3D3-4B6B-8B4A-3D85D57F5B72}.Debug|x86.ActiveCfg = Debug|Win32
		{D6966D46-B3D3-4B6B-8B4A-3D85D57F5B72}.Debug|x86.Build.0 = Debug|Win32
		{D6966D46-B3D3-4B6B-8B4A-3D85D57F5B72}.Release|x64.ActiveCfg = Release|x64
		{D6966D46-B3D3-4B6B-8B4A-3D85D57F5B72}.Release|x64.Build.0 = Release|x64
		{D6966D46-B3D3-4B6B-8B4A-3D85D57F5B72}.Release|x86.ActiveCfg = Release|Win32
		{D6966D46-B3D3-4B6B-8B4A-3D85D57F5B72}.Release|x86.Build.0 = Release|Win32
		{EE0A76AD-DD97-4B74-89FE-E85A9B280E4C}.Debug|x64.ActiveCfg = Debug|x64
		{EE0A76AD-DD97-4B74-89FE-E85A9B280E4C}.Debug|x64.Build.0 = Debug|x64
		{EE0A76AD-DD97-4B74-89FE-E85A9B280E4C}.Debug|x86.ActiveCfg = Debug|Win32
		{EE0A76AD-DD97-4B74-89FE-E85A9B280E4C}.Debug|x86.Build.0 = Debug|Win32
		{EE0A76AD-DD97-4B74-89FE-E85A9B280E4C}.Release|x64.ActiveCfg = Release|x64
		{EE0A76AD-DD97-4B74-89FE-E85A9B280E4C}.Release|x64.Build.0 = Release|x64
		{EE0A76AD-DD97-4B74-89FE-E85A9B280E4C}.Release|x86.ActiveCfg = Release|Win32
		{EE0A76AD-DD97-4B74-89FE-E85A9B280E4C}.Release|x86.Build.0 = Release|Win32
		{A3CCEE08-D400-4BB2-8888-4A64A24A8B37}.Debug|x64.ActiveCfg = Debug|x64
		{A3CCEE08-D400-4BB2-8888-4A64A24A8B37}.Debug|x64.Build.0 = Debug|x64
		{A3CCEE08-D400-4BB2-8888-4A64A24A8B37}.Debug|x86.ActiveCfg = Debug|Win32
		{A3CCEE08-D400-4BB2-8888-4A64A24A8B37}.Debug|x86.Build.0 = Debug|Win32
		{A3CCEE08-D400-4BB2-8888-4A64A24A8B37}.Release|x64.ActiveCfg = Release|x64
		{A3CCEE08-D400-4BB2-8888-4A64A24A8B37}.Release|x64.Build.0 = Release|x64
		{A3CCEE08-D400-4BB2-8888-4A64A24A8B37}.Release|x86.ActiveCfg = Release|Win32
		{A3CCEE08-D400-4BB2-8888-4A64A24A8B37}.Release|x86.Build.0 = Release|Win32
		{76E87B91-6F57-41FB-B000-26FC8F78C5D5}.Debug|x64.ActiveCfg = Debug|x64
		{76E87B91-6F57-41FB-B000-26FC8F78C5D5}.Debug|x64.Build.0 = Debug|x64
		{76E87B91-6F57-41FB-B000-26FC8F78C5D5}.Debug|x86.ActiveCfg = Debug|Win32
		{76E87B91-6F57-41FB-B000-26FC8F78C5D5}.Debug|x86.Build.0 = Debug|Win32
		{76E87B91-6F57-41FB-B000-26FC8F78C5D5}.Release|x64.ActiveCfg = Release|x64
		{76E87B91-6F57-41FB-B000-26FC8F78C5D5}.Release|x64.Build.0 = Release|x64
		{76E87B91-6F57-41FB-B000-26FC8F78C5D5}.Release|x86.ActiveCfg = Release|Win32
		{76E87B91-6F57-41FB-B000-26FC8F78C5D5}.Release|x86.Build.0 = Release|Win32
		{91942B08-5093-4366-BC94-DA4088584407}.Debug|x64.ActiveCfg = Debug|x64
		{91942B08-5093-4366-BC94-DA4088584407}.Debug|x64.Build.0 = Debug|x64
		{91942B08-5093-4366-BC94-DA4088584407}.Debug|x86.ActiveCfg = Debug|Win32
		{91942B08-5093-4366-BC94-DA4088584407}.Debug|x86.Build.0 = Debug|Win32
		{91942B08-5093-4366-BC94-DA4088584407}.Release|x64.ActiveCfg = Release|x64
		{91942B08-5093-4366-BC94-DA4088584407}.Release|x64.Build.0 = Release|x64
		{91942B08-5093-4366-BC94-DA4088584407}.Release|x86.ActiveCfg = Release|Win32
		{91942B08-5093-4366-BC94-DA4088584407}.Release|x86.Build.0 = Release|Win32
	EndGlobalSection
	GlobalSection(SolutionProperties) = preSolution
		HideSolutionNode = FALSE
	EndGlobalSection
EndGlobal
